
Microsoft Visual Studio Solution File, Format Version 12.00
# Visual Studio Version 17
VisualStudioVersion = 17.14.36603.0
MinimumVisualStudioVersion = 10.0.40219.1
Project("{FAE04EC0-301F-11D3-BF4B-00C04F79EFBC}") = "ResturantApp", "ResturantApp.csproj", "{9D982E77-D0FD-4C6D-9BC7-CFC8B7257FAE}"
EndProject
Project("{FAE04EC0-301F-11D3-BF4B-00C04F79EFBC}") = "DataAccess", "..\DataAccess\DataAccess.csproj", "{D2E80699-F1F9-4895-936C-C7C1906BEAF0}"
EndProject
Project("{FAE04EC0-301F-11D3-BF4B-00C04F79EFBC}") = "API", "..\API\API.csproj", "{4A51080E-0B3D-45D1-A787-ECF01292DBEA}"
EndProject
Global
	GlobalSection(SolutionConfigurationPlatforms) = preSolution
		Debug|Any CPU = Debug|Any CPU
		Release|Any CPU = Release|Any CPU
	EndGlobalSection
	GlobalSection(ProjectConfigurationPlatforms) = postSolution
		{9D982E77-D0FD-4C6D-9BC7-CFC8B7257FAE}.Debug|Any CPU.ActiveCfg = Debug|Any CPU
		{9D982E77-D0FD-4C6D-9BC7-CFC8B7257FAE}.Debug|Any CPU.Build.0 = Debug|Any CPU
		{9D982E77-D0FD-4C6D-9BC7-CFC8B7257FAE}.Release|Any CPU.ActiveCfg = Release|Any CPU
		{9D982E77-D0FD-4C6D-9BC7-CFC8B7257FAE}.Release|Any CPU.Build.0 = Release|Any CPU
		{D2E80699-F1F9-4895-936C-C7C1906BEAF0}.Debug|Any CPU.ActiveCfg = Debug|Any CPU
		{D2E80699-F1F9-4895-936C-C7C1906BEAF0}.Debug|Any CPU.Build.0 = Debug|Any CPU
		{D2E80699-F1F9-4895-936C-C7C1906BEAF0}.Release|Any CPU.ActiveCfg = Release|Any CPU
		{D2E80699-F1F9-4895-936C-C7C1906BEAF0}.Release|Any CPU.Build.0 = Release|Any CPU
		{4A51080E-0B3D-45D1-A787-ECF01292DBEA}.Debug|Any CPU.ActiveCfg = Debug|Any CPU
		{4A51080E-0B3D-45D1-A787-ECF01292DBEA}.Debug|Any CPU.Build.0 = Debug|Any CPU
		{4A51080E-0B3D-45D1-A787-ECF01292DBEA}.Release|Any CPU.ActiveCfg = Release|Any CPU
		{4A51080E-0B3D-45D1-A787-ECF01292DBEA}.Release|Any CPU.Build.0 = Release|Any CPU
	EndGlobalSection
	GlobalSection(SolutionProperties) = preSolution
		HideSolutionNode = FALSE
	EndGlobalSection
	GlobalSection(ExtensibilityGlobals) = postSolution
		SolutionGuid = {10CA3194-7284-4A94-94FF-759ED5551BD9}
	EndGlobalSection
EndGlobal
