
Microsoft Visual Studio Solution File, Format Version 12.00
# Visual Studio Version 17
VisualStudioVersion = 17.14.36603.0
MinimumVisualStudioVersion = 10.0.40219.1
Project("{FAE04EC0-301F-11D3-BF4B-00C04F79EFBC}") = "linen_management_system", "linen_management_system.csproj", "{7FD5C1DD-C35D-4A62-A170-2BA31930181F}"
EndProject
Project("{FAE04EC0-301F-11D3-BF4B-00C04F79EFBC}") = "DataAccess", "..\DataAccess\DataAccess.csproj", "{1185FC43-D149-41D8-8813-0DB047CA4B4A}"
EndProject
Project("{FAE04EC0-301F-11D3-BF4B-00C04F79EFBC}") = "LinenManagement.Tests", "..\LinenManagement.Tests\LinenManagement.Tests.csproj", "{DE9E0C17-2D18-6FB8-C8A8-176DBA9C21EF}"
EndProject
Global
	GlobalSection(SolutionConfigurationPlatforms) = preSolution
		Debug|Any CPU = Debug|Any CPU
		Release|Any CPU = Release|Any CPU
	EndGlobalSection
	GlobalSection(ProjectConfigurationPlatforms) = postSolution
		{7FD5C1DD-C35D-4A62-A170-2BA31930181F}.Debug|Any CPU.ActiveCfg = Debug|Any CPU
		{7FD5C1DD-C35D-4A62-A170-2BA31930181F}.Debug|Any CPU.Build.0 = Debug|Any CPU
		{7FD5C1DD-C35D-4A62-A170-2BA31930181F}.Release|Any CPU.ActiveCfg = Release|Any CPU
		{7FD5C1DD-C35D-4A62-A170-2BA31930181F}.Release|Any CPU.Build.0 = Release|Any CPU
		{1185FC43-D149-41D8-8813-0DB047CA4B4A}.Debug|Any CPU.ActiveCfg = Debug|Any CPU
		{1185FC43-D149-41D8-8813-0DB047CA4B4A}.Debug|Any CPU.Build.0 = Debug|Any CPU
		{1185FC43-D149-41D8-8813-0DB047CA4B4A}.Release|Any CPU.ActiveCfg = Release|Any CPU
		{1185FC43-D149-41D8-8813-0DB047CA4B4A}.Release|Any CPU.Build.0 = Release|Any CPU
		{DE9E0C17-2D18-6FB8-C8A8-176DBA9C21EF}.Debug|Any CPU.ActiveCfg = Debug|Any CPU
		{DE9E0C17-2D18-6FB8-C8A8-176DBA9C21EF}.Debug|Any CPU.Build.0 = Debug|Any CPU
		{DE9E0C17-2D18-6FB8-C8A8-176DBA9C21EF}.Release|Any CPU.ActiveCfg = Release|Any CPU
		{DE9E0C17-2D18-6FB8-C8A8-176DBA9C21EF}.Release|Any CPU.Build.0 = Release|Any CPU
	EndGlobalSection
	GlobalSection(SolutionProperties) = preSolution
		HideSolutionNode = FALSE
	EndGlobalSection
	GlobalSection(ExtensibilityGlobals) = postSolution
		SolutionGuid = {7CDD130B-0556-483C-AD1A-9DFC0582F207}
	EndGlobalSection
EndGlobal
